
Microsoft Visual Studio Solution File, Format Version 12.00
# Visual Studio Version 16
VisualStudioVersion = 16.0.31624.102
MinimumVisualStudioVersion = 10.0.40219.1
Project("{FAE04EC0-301F-11D3-BF4B-00C04F79EFBC}") = "Jackson_Brynne_HW5", "Jackson_Brynne_HW5\Jackson_Brynne_HW5.csproj", "{9CF8C940-742B-4A4C-A92E-16E5C9B1BCD7}"
EndProject
Global
	GlobalSection(SolutionConfigurationPlatforms) = preSolution
		Debug|Any CPU = Debug|Any CPU
		Release|Any CPU = Release|Any CPU
	EndGlobalSection
	GlobalSection(ProjectConfigurationPlatforms) = postSolution
		{9CF8C940-742B-4A4C-A92E-16E5C9B1BCD7}.Debug|Any CPU.ActiveCfg = Debug|Any CPU
		{9CF8C940-742B-4A4C-A92E-16E5C9B1BCD7}.Debug|Any CPU.Build.0 = Debug|Any CPU
		{9CF8C940-742B-4A4C-A92E-16E5C9B1BCD7}.Release|Any CPU.ActiveCfg = Release|Any CPU
		{9CF8C940-742B-4A4C-A92E-16E5C9B1BCD7}.Release|Any CPU.Build.0 = Release|Any CPU
	EndGlobalSection
	GlobalSection(SolutionProperties) = preSolution
		HideSolutionNode = FALSE
	EndGlobalSection
	GlobalSection(ExtensibilityGlobals) = postSolution
		SolutionGuid = {0DA72F4B-F7B4-497D-A2EE-453FDDA27D6B}
	EndGlobalSection
EndGlobal
